// !$*UTF8*$!
{
	archiveVersion = 1;
	classes = {
	};
	objectVersion = 48;
	objects = {

/* Begin PBXBuildFile section */
		2309F0B4204D6FF000EE651B /* AddSampleViewController.swift in Sources */ = {isa = PBXBuildFile; fileRef = 2309F0B3204D6FF000EE651B /* AddSampleViewController.swift */; };
		2309F0B720501CDD00EE651B /* StressChart.swift in Sources */ = {isa = PBXBuildFile; fileRef = 2309F0B620501CDD00EE651B /* StressChart.swift */; };
		2314D0382091F2A100A35C10 /* Secret.swift in Sources */ = {isa = PBXBuildFile; fileRef = 2314D0372091F2A100A35C10 /* Secret.swift */; };
		2314D0392091F63800A35C10 /* GoogleService-Info.plist in Resources */ = {isa = PBXBuildFile; fileRef = 238516142063AEE000E78029 /* GoogleService-Info.plist */; };
		2314D03C20921C8B00A35C10 /* custom_test.json in Resources */ = {isa = PBXBuildFile; fileRef = 2314D03B20921C8B00A35C10 /* custom_test.json */; };
		231F4CAC1FCF5F5000AE6881 /* AppDelegate.swift in Sources */ = {isa = PBXBuildFile; fileRef = 231F4CAB1FCF5F5000AE6881 /* AppDelegate.swift */; };
		231F4CAE1FCF5F5000AE6881 /* DayViewController.swift in Sources */ = {isa = PBXBuildFile; fileRef = 231F4CAD1FCF5F5000AE6881 /* DayViewController.swift */; };
		231F4CB11FCF5F5000AE6881 /* Main.storyboard in Resources */ = {isa = PBXBuildFile; fileRef = 231F4CAF1FCF5F5000AE6881 /* Main.storyboard */; };
		231F4CB31FCF5F5000AE6881 /* Assets.xcassets in Resources */ = {isa = PBXBuildFile; fileRef = 231F4CB21FCF5F5000AE6881 /* Assets.xcassets */; };
		231F4CB61FCF5F5000AE6881 /* LaunchScreen.storyboard in Resources */ = {isa = PBXBuildFile; fileRef = 231F4CB41FCF5F5000AE6881 /* LaunchScreen.storyboard */; };
		231F4CC11FCF5F5000AE6881 /* StressSensorAppTests.swift in Sources */ = {isa = PBXBuildFile; fileRef = 231F4CC01FCF5F5000AE6881 /* StressSensorAppTests.swift */; };
		231F4CCC1FCF5F5000AE6881 /* StressSensorAppUITests.swift in Sources */ = {isa = PBXBuildFile; fileRef = 231F4CCB1FCF5F5000AE6881 /* StressSensorAppUITests.swift */; };
		231F4CE01FCF6AB700AE6881 /* Constants.swift in Sources */ = {isa = PBXBuildFile; fileRef = 231F4CDF1FCF6AB700AE6881 /* Constants.swift */; };
		23681E202037306900F39507 /* StressViewController.swift in Sources */ = {isa = PBXBuildFile; fileRef = 23681E1F2037306900F39507 /* StressViewController.swift */; };
		23681E22203787BD00F39507 /* Utilities.swift in Sources */ = {isa = PBXBuildFile; fileRef = 23681E21203787BD00F39507 /* Utilities.swift */; };
		23681E252039FBF400F39507 /* ModelLogger.swift in Sources */ = {isa = PBXBuildFile; fileRef = 23681E242039FBF400F39507 /* ModelLogger.swift */; };
		23681E27203B935D00F39507 /* Circular.swift in Sources */ = {isa = PBXBuildFile; fileRef = 23681E26203B935D00F39507 /* Circular.swift */; };
		238516162063BBD800E78029 /* EmpaLink-ios-0.7-full.framework in Frameworks */ = {isa = PBXBuildFile; fileRef = 23A18BD62032EBF1002D514A /* EmpaLink-ios-0.7-full.framework */; };
		238516182063BC0100E78029 /* Accelerate.framework in Frameworks */ = {isa = PBXBuildFile; fileRef = 238516172063BC0100E78029 /* Accelerate.framework */; };
		2385161A2063BC4800E78029 /* AVFoundation.framework in Frameworks */ = {isa = PBXBuildFile; fileRef = 238516192063BC4800E78029 /* AVFoundation.framework */; };
		2385161C2063BC6000E78029 /* CoreMedia.framework in Frameworks */ = {isa = PBXBuildFile; fileRef = 2385161B2063BC6000E78029 /* CoreMedia.framework */; };
		2398C36D220D8BA70000800D /* QuadrantView.swift in Sources */ = {isa = PBXBuildFile; fileRef = 2398C36C220D8BA70000800D /* QuadrantView.swift */; };
		2398C36F220DEE5B0000800D /* QuadrantViewController.swift in Sources */ = {isa = PBXBuildFile; fileRef = 2398C36E220DEE5B0000800D /* QuadrantViewController.swift */; };
		2398C371220DF2350000800D /* QuadrantModel.swift in Sources */ = {isa = PBXBuildFile; fileRef = 2398C370220DF2350000800D /* QuadrantModel.swift */; };
		23A18BD92032EBF8002D514A /* opencv2.framework in Frameworks */ = {isa = PBXBuildFile; fileRef = 23A18BD82032EBF8002D514A /* opencv2.framework */; };
		23A3105A222495E8004BC31A /* DebugMenu.swift in Sources */ = {isa = PBXBuildFile; fileRef = 23A31059222495E8004BC31A /* DebugMenu.swift */; };
		23A3105D2224A0D5004BC31A /* Store.swift in Sources */ = {isa = PBXBuildFile; fileRef = 23A3105C2224A0D5004BC31A /* Store.swift */; };
		23A31061222A941F004BC31A /* MonitorViewController.swift in Sources */ = {isa = PBXBuildFile; fileRef = 23A31060222A941F004BC31A /* MonitorViewController.swift */; };
		23A31063222AA5B9004BC31A /* TableBackground.swift in Sources */ = {isa = PBXBuildFile; fileRef = 23A31062222AA5B9004BC31A /* TableBackground.swift */; };
		23A31067222B3F17004BC31A /* FeedbackViewController.swift in Sources */ = {isa = PBXBuildFile; fileRef = 23A31066222B3F17004BC31A /* FeedbackViewController.swift */; };
		23A31069222BDDB8004BC31A /* MonitorCell.xib in Resources */ = {isa = PBXBuildFile; fileRef = 23A31068222BDDB8004BC31A /* MonitorCell.xib */; };
		23A3106D222BEC1E004BC31A /* MonitorCell.swift in Sources */ = {isa = PBXBuildFile; fileRef = 23A3106C222BEC1E004BC31A /* MonitorCell.swift */; };
		23A96D7120C6994100D32A02 /* Coach.swift in Sources */ = {isa = PBXBuildFile; fileRef = 23A96D7020C6994100D32A02 /* Coach.swift */; };
		23ADED482033BDD600E2A7F3 /* RevEmpaLink.swift in Sources */ = {isa = PBXBuildFile; fileRef = 23ADED472033BDD600E2A7F3 /* RevEmpaLink.swift */; };
		23ADED4A2035DCDA00E2A7F3 /* StressModel.swift in Sources */ = {isa = PBXBuildFile; fileRef = 23ADED492035DCDA00E2A7F3 /* StressModel.swift */; };
		23ADED4C20360FE600E2A7F3 /* TrainViewController.swift in Sources */ = {isa = PBXBuildFile; fileRef = 23ADED4B20360FE600E2A7F3 /* TrainViewController.swift */; };
		23ADED4E20362BE500E2A7F3 /* SignalsSnapshot.swift in Sources */ = {isa = PBXBuildFile; fileRef = 23ADED4D20362BE500E2A7F3 /* SignalsSnapshot.swift */; };
		23AE2BAD22202AEE00A0A29E /* AutoLogger.swift in Sources */ = {isa = PBXBuildFile; fileRef = 23AE2BAC22202AEE00A0A29E /* AutoLogger.swift */; };
		23B5DA9E202CC92100D22352 /* LiveChart.swift in Sources */ = {isa = PBXBuildFile; fileRef = 23B5DA9D202CC92100D22352 /* LiveChart.swift */; };
		23B5DAA0202CFD9200D22352 /* SignalAcquisition.swift in Sources */ = {isa = PBXBuildFile; fileRef = 23B5DA9F202CFD9200D22352 /* SignalAcquisition.swift */; };
		23B5DAA2202CFDBB00D22352 /* Signal.swift in Sources */ = {isa = PBXBuildFile; fileRef = 23B5DAA1202CFDBB00D22352 /* Signal.swift */; };
		23B5DAA4202CFFA000D22352 /* DeviceManager.swift in Sources */ = {isa = PBXBuildFile; fileRef = 23B5DAA3202CFFA000D22352 /* DeviceManager.swift */; };
		23CFB2B6208DD948000B93F2 /* QuestionnaireManager.swift in Sources */ = {isa = PBXBuildFile; fileRef = 23CFB2B5208DD948000B93F2 /* QuestionnaireManager.swift */; };
		23CFB2BA208DEBBF000B93F2 /* ModelSample.swift in Sources */ = {isa = PBXBuildFile; fileRef = 23CFB2B9208DEBBF000B93F2 /* ModelSample.swift */; };
		23CFB2BB208DF292000B93F2 /* SVM.mm in Sources */ = {isa = PBXBuildFile; fileRef = 23A18BD12032E717002D514A /* SVM.mm */; settings = {COMPILER_FLAGS = "-w"; }; };
		23CFB2BC208DF410000B93F2 /* EnergyModel.swift in Sources */ = {isa = PBXBuildFile; fileRef = 23CFB2B7208DEB86000B93F2 /* EnergyModel.swift */; };
		23E18B05202DE2EF0034134E /* SettingsViewController.swift in Sources */ = {isa = PBXBuildFile; fileRef = 23E18B04202DE2EF0034134E /* SettingsViewController.swift */; };
		23F3BC3020864EBF004B4EC4 /* Questionnaire.swift in Sources */ = {isa = PBXBuildFile; fileRef = 23F3BC2F20864EBF004B4EC4 /* Questionnaire.swift */; };
		2CAF1C65E49B678C1559AD9D /* Pods_StressSensorAppTests.framework in Frameworks */ = {isa = PBXBuildFile; fileRef = 4B2F51A812389D8ACCA683FA /* Pods_StressSensorAppTests.framework */; };
		A18196A1364C488B603FA837 /* Pods_StressSensorApp.framework in Frameworks */ = {isa = PBXBuildFile; fileRef = AFC40C0AB769D91E4D8384C8 /* Pods_StressSensorApp.framework */; };
		F5D425451D6D065788E1BC57 /* Pods_StressSensorAppUITests.framework in Frameworks */ = {isa = PBXBuildFile; fileRef = 48B4317824853F34C1AB9B08 /* Pods_StressSensorAppUITests.framework */; };
/* End PBXBuildFile section */

/* Begin PBXContainerItemProxy section */
		231F4CBD1FCF5F5000AE6881 /* PBXContainerItemProxy */ = {
			isa = PBXContainerItemProxy;
			containerPortal = 231F4CA01FCF5F5000AE6881 /* Project object */;
			proxyType = 1;
			remoteGlobalIDString = 231F4CA71FCF5F5000AE6881;
			remoteInfo = StressSensorApp;
		};
		231F4CC81FCF5F5000AE6881 /* PBXContainerItemProxy */ = {
			isa = PBXContainerItemProxy;
			containerPortal = 231F4CA01FCF5F5000AE6881 /* Project object */;
			proxyType = 1;
			remoteGlobalIDString = 231F4CA71FCF5F5000AE6881;
			remoteInfo = StressSensorApp;
		};
/* End PBXContainerItemProxy section */

/* Begin PBXFileReference section */
		2309F0B3204D6FF000EE651B /* AddSampleViewController.swift */ = {isa = PBXFileReference; lastKnownFileType = sourcecode.swift; path = AddSampleViewController.swift; sourceTree = "<group>"; };
		2309F0B620501CDD00EE651B /* StressChart.swift */ = {isa = PBXFileReference; lastKnownFileType = sourcecode.swift; path = StressChart.swift; sourceTree = "<group>"; };
		2314D0372091F2A100A35C10 /* Secret.swift */ = {isa = PBXFileReference; lastKnownFileType = sourcecode.swift; path = Secret.swift; sourceTree = "<group>"; };
		2314D03B20921C8B00A35C10 /* custom_test.json */ = {isa = PBXFileReference; fileEncoding = 4; lastKnownFileType = text.json; path = custom_test.json; sourceTree = "<group>"; };
		231F4CA81FCF5F5000AE6881 /* StressSensorApp.app */ = {isa = PBXFileReference; explicitFileType = wrapper.application; includeInIndex = 0; path = StressSensorApp.app; sourceTree = BUILT_PRODUCTS_DIR; };
		231F4CAB1FCF5F5000AE6881 /* AppDelegate.swift */ = {isa = PBXFileReference; lastKnownFileType = sourcecode.swift; path = AppDelegate.swift; sourceTree = "<group>"; };
		231F4CAD1FCF5F5000AE6881 /* DayViewController.swift */ = {isa = PBXFileReference; lastKnownFileType = sourcecode.swift; path = DayViewController.swift; sourceTree = "<group>"; };
		231F4CB01FCF5F5000AE6881 /* Base */ = {isa = PBXFileReference; lastKnownFileType = file.storyboard; name = Base; path = Base.lproj/Main.storyboard; sourceTree = "<group>"; };
		231F4CB21FCF5F5000AE6881 /* Assets.xcassets */ = {isa = PBXFileReference; lastKnownFileType = folder.assetcatalog; path = Assets.xcassets; sourceTree = "<group>"; };
		231F4CB51FCF5F5000AE6881 /* Base */ = {isa = PBXFileReference; lastKnownFileType = file.storyboard; name = Base; path = Base.lproj/LaunchScreen.storyboard; sourceTree = "<group>"; };
		231F4CB71FCF5F5000AE6881 /* Info.plist */ = {isa = PBXFileReference; lastKnownFileType = text.plist.xml; path = Info.plist; sourceTree = "<group>"; };
		231F4CBC1FCF5F5000AE6881 /* StressSensorAppTests.xctest */ = {isa = PBXFileReference; explicitFileType = wrapper.cfbundle; includeInIndex = 0; path = StressSensorAppTests.xctest; sourceTree = BUILT_PRODUCTS_DIR; };
		231F4CC01FCF5F5000AE6881 /* StressSensorAppTests.swift */ = {isa = PBXFileReference; lastKnownFileType = sourcecode.swift; path = StressSensorAppTests.swift; sourceTree = "<group>"; };
		231F4CC21FCF5F5000AE6881 /* Info.plist */ = {isa = PBXFileReference; lastKnownFileType = text.plist.xml; path = Info.plist; sourceTree = "<group>"; };
		231F4CC71FCF5F5000AE6881 /* StressSensorAppUITests.xctest */ = {isa = PBXFileReference; explicitFileType = wrapper.cfbundle; includeInIndex = 0; path = StressSensorAppUITests.xctest; sourceTree = BUILT_PRODUCTS_DIR; };
		231F4CCB1FCF5F5000AE6881 /* StressSensorAppUITests.swift */ = {isa = PBXFileReference; lastKnownFileType = sourcecode.swift; path = StressSensorAppUITests.swift; sourceTree = "<group>"; };
		231F4CCD1FCF5F5000AE6881 /* Info.plist */ = {isa = PBXFileReference; lastKnownFileType = text.plist.xml; path = Info.plist; sourceTree = "<group>"; };
		231F4CDD1FCF60B100AE6881 /* BridgingHeader.h */ = {isa = PBXFileReference; lastKnownFileType = sourcecode.c.h; path = BridgingHeader.h; sourceTree = "<group>"; };
		231F4CDF1FCF6AB700AE6881 /* Constants.swift */ = {isa = PBXFileReference; lastKnownFileType = sourcecode.swift; path = Constants.swift; sourceTree = "<group>"; };
		23681E1F2037306900F39507 /* StressViewController.swift */ = {isa = PBXFileReference; lastKnownFileType = sourcecode.swift; path = StressViewController.swift; sourceTree = "<group>"; };
		23681E21203787BD00F39507 /* Utilities.swift */ = {isa = PBXFileReference; lastKnownFileType = sourcecode.swift; path = Utilities.swift; sourceTree = "<group>"; };
		23681E242039FBF400F39507 /* ModelLogger.swift */ = {isa = PBXFileReference; lastKnownFileType = sourcecode.swift; path = ModelLogger.swift; sourceTree = "<group>"; };
		23681E26203B935D00F39507 /* Circular.swift */ = {isa = PBXFileReference; lastKnownFileType = sourcecode.swift; path = Circular.swift; sourceTree = "<group>"; };
		23681E29203C464D00F39507 /* .travis.yml */ = {isa = PBXFileReference; lastKnownFileType = text; name = .travis.yml; path = ../../../.travis.yml; sourceTree = "<group>"; };
		238516142063AEE000E78029 /* GoogleService-Info.plist */ = {isa = PBXFileReference; fileEncoding = 4; lastKnownFileType = text.plist.xml; path = "GoogleService-Info.plist"; sourceTree = "<group>"; };
		238516172063BC0100E78029 /* Accelerate.framework */ = {isa = PBXFileReference; lastKnownFileType = wrapper.framework; name = Accelerate.framework; path = System/Library/Frameworks/Accelerate.framework; sourceTree = SDKROOT; };
		238516192063BC4800E78029 /* AVFoundation.framework */ = {isa = PBXFileReference; lastKnownFileType = wrapper.framework; name = AVFoundation.framework; path = System/Library/Frameworks/AVFoundation.framework; sourceTree = SDKROOT; };
		2385161B2063BC6000E78029 /* CoreMedia.framework */ = {isa = PBXFileReference; lastKnownFileType = wrapper.framework; name = CoreMedia.framework; path = System/Library/Frameworks/CoreMedia.framework; sourceTree = SDKROOT; };
		2385161D2063EBEF00E78029 /* StressSensorApp.entitlements */ = {isa = PBXFileReference; lastKnownFileType = text.plist.entitlements; path = StressSensorApp.entitlements; sourceTree = "<group>"; };
		2398C36C220D8BA70000800D /* QuadrantView.swift */ = {isa = PBXFileReference; lastKnownFileType = sourcecode.swift; path = QuadrantView.swift; sourceTree = "<group>"; };
		2398C36E220DEE5B0000800D /* QuadrantViewController.swift */ = {isa = PBXFileReference; lastKnownFileType = sourcecode.swift; path = QuadrantViewController.swift; sourceTree = "<group>"; };
		2398C370220DF2350000800D /* QuadrantModel.swift */ = {isa = PBXFileReference; lastKnownFileType = sourcecode.swift; path = QuadrantModel.swift; sourceTree = "<group>"; };
		23A18BD02032E716002D514A /* SVM.h */ = {isa = PBXFileReference; fileEncoding = 4; lastKnownFileType = sourcecode.c.h; path = SVM.h; sourceTree = "<group>"; };
		23A18BD12032E717002D514A /* SVM.mm */ = {isa = PBXFileReference; fileEncoding = 4; lastKnownFileType = sourcecode.cpp.objcpp; path = SVM.mm; sourceTree = "<group>"; };
		23A18BD32032E756002D514A /* SwiftyOpenCV.h */ = {isa = PBXFileReference; lastKnownFileType = sourcecode.c.h; path = SwiftyOpenCV.h; sourceTree = "<group>"; };
		23A18BD62032EBF1002D514A /* EmpaLink-ios-0.7-full.framework */ = {isa = PBXFileReference; lastKnownFileType = wrapper.framework; name = "EmpaLink-ios-0.7-full.framework"; path = "ThirdPartyLibraries/EmpaLink-ios-0.7-full.framework"; sourceTree = "<group>"; };
		23A18BD82032EBF8002D514A /* opencv2.framework */ = {isa = PBXFileReference; lastKnownFileType = wrapper.framework; name = opencv2.framework; path = ThirdPartyLibraries/opencv2.framework; sourceTree = "<group>"; };
		23A31059222495E8004BC31A /* DebugMenu.swift */ = {isa = PBXFileReference; lastKnownFileType = sourcecode.swift; path = DebugMenu.swift; sourceTree = "<group>"; };
		23A3105C2224A0D5004BC31A /* Store.swift */ = {isa = PBXFileReference; lastKnownFileType = sourcecode.swift; path = Store.swift; sourceTree = "<group>"; };
		23A31060222A941F004BC31A /* MonitorViewController.swift */ = {isa = PBXFileReference; lastKnownFileType = sourcecode.swift; path = MonitorViewController.swift; sourceTree = "<group>"; };
		23A31062222AA5B9004BC31A /* TableBackground.swift */ = {isa = PBXFileReference; lastKnownFileType = sourcecode.swift; path = TableBackground.swift; sourceTree = "<group>"; };
		23A31064222B20AE004BC31A /* .gitignore */ = {isa = PBXFileReference; fileEncoding = 4; lastKnownFileType = text; name = .gitignore; path = ../../../.gitignore; sourceTree = "<group>"; };
		23A31066222B3F17004BC31A /* FeedbackViewController.swift */ = {isa = PBXFileReference; lastKnownFileType = sourcecode.swift; path = FeedbackViewController.swift; sourceTree = "<group>"; };
		23A31068222BDDB8004BC31A /* MonitorCell.xib */ = {isa = PBXFileReference; lastKnownFileType = file.xib; path = MonitorCell.xib; sourceTree = "<group>"; };
		23A3106C222BEC1E004BC31A /* MonitorCell.swift */ = {isa = PBXFileReference; lastKnownFileType = sourcecode.swift; path = MonitorCell.swift; sourceTree = "<group>"; };
		23A96D7020C6994100D32A02 /* Coach.swift */ = {isa = PBXFileReference; lastKnownFileType = sourcecode.swift; path = Coach.swift; sourceTree = "<group>"; };
		23ADED472033BDD600E2A7F3 /* RevEmpaLink.swift */ = {isa = PBXFileReference; lastKnownFileType = sourcecode.swift; path = RevEmpaLink.swift; sourceTree = "<group>"; };
		23ADED492035DCDA00E2A7F3 /* StressModel.swift */ = {isa = PBXFileReference; lastKnownFileType = sourcecode.swift; path = StressModel.swift; sourceTree = "<group>"; };
		23ADED4B20360FE600E2A7F3 /* TrainViewController.swift */ = {isa = PBXFileReference; lastKnownFileType = sourcecode.swift; path = TrainViewController.swift; sourceTree = "<group>"; };
		23ADED4D20362BE500E2A7F3 /* SignalsSnapshot.swift */ = {isa = PBXFileReference; lastKnownFileType = sourcecode.swift; path = SignalsSnapshot.swift; sourceTree = "<group>"; };
		23AE2BAC22202AEE00A0A29E /* AutoLogger.swift */ = {isa = PBXFileReference; lastKnownFileType = sourcecode.swift; path = AutoLogger.swift; sourceTree = "<group>"; };
		23B5DA9D202CC92100D22352 /* LiveChart.swift */ = {isa = PBXFileReference; lastKnownFileType = sourcecode.swift; path = LiveChart.swift; sourceTree = "<group>"; };
		23B5DA9F202CFD9200D22352 /* SignalAcquisition.swift */ = {isa = PBXFileReference; lastKnownFileType = sourcecode.swift; path = SignalAcquisition.swift; sourceTree = "<group>"; };
		23B5DAA1202CFDBB00D22352 /* Signal.swift */ = {isa = PBXFileReference; lastKnownFileType = sourcecode.swift; path = Signal.swift; sourceTree = "<group>"; };
		23B5DAA3202CFFA000D22352 /* DeviceManager.swift */ = {isa = PBXFileReference; lastKnownFileType = sourcecode.swift; path = DeviceManager.swift; sourceTree = "<group>"; };
		23CFB2B5208DD948000B93F2 /* QuestionnaireManager.swift */ = {isa = PBXFileReference; lastKnownFileType = sourcecode.swift; path = QuestionnaireManager.swift; sourceTree = "<group>"; };
		23CFB2B7208DEB86000B93F2 /* EnergyModel.swift */ = {isa = PBXFileReference; fileEncoding = 4; lastKnownFileType = sourcecode.swift; path = EnergyModel.swift; sourceTree = "<group>"; };
		23CFB2B9208DEBBF000B93F2 /* ModelSample.swift */ = {isa = PBXFileReference; lastKnownFileType = sourcecode.swift; path = ModelSample.swift; sourceTree = "<group>"; };
		23E18B04202DE2EF0034134E /* SettingsViewController.swift */ = {isa = PBXFileReference; lastKnownFileType = sourcecode.swift; path = SettingsViewController.swift; sourceTree = "<group>"; };
		23F3BC2F20864EBF004B4EC4 /* Questionnaire.swift */ = {isa = PBXFileReference; lastKnownFileType = sourcecode.swift; path = Questionnaire.swift; sourceTree = "<group>"; };
		2A7763ED742E1C3A45225966 /* Pods-StressSensorAppTests.debug.xcconfig */ = {isa = PBXFileReference; includeInIndex = 1; lastKnownFileType = text.xcconfig; name = "Pods-StressSensorAppTests.debug.xcconfig"; path = "Pods/Target Support Files/Pods-StressSensorAppTests/Pods-StressSensorAppTests.debug.xcconfig"; sourceTree = "<group>"; };
		453958BCE57370B5111A9589 /* Pods-StressSensorAppTests.release.xcconfig */ = {isa = PBXFileReference; includeInIndex = 1; lastKnownFileType = text.xcconfig; name = "Pods-StressSensorAppTests.release.xcconfig"; path = "Pods/Target Support Files/Pods-StressSensorAppTests/Pods-StressSensorAppTests.release.xcconfig"; sourceTree = "<group>"; };
		48B4317824853F34C1AB9B08 /* Pods_StressSensorAppUITests.framework */ = {isa = PBXFileReference; explicitFileType = wrapper.framework; includeInIndex = 0; path = Pods_StressSensorAppUITests.framework; sourceTree = BUILT_PRODUCTS_DIR; };
		4B2F51A812389D8ACCA683FA /* Pods_StressSensorAppTests.framework */ = {isa = PBXFileReference; explicitFileType = wrapper.framework; includeInIndex = 0; path = Pods_StressSensorAppTests.framework; sourceTree = BUILT_PRODUCTS_DIR; };
		85CC4DCFAA537BEA0488C0B2 /* Pods-StressSensorAppUITests.debug.xcconfig */ = {isa = PBXFileReference; includeInIndex = 1; lastKnownFileType = text.xcconfig; name = "Pods-StressSensorAppUITests.debug.xcconfig"; path = "Pods/Target Support Files/Pods-StressSensorAppUITests/Pods-StressSensorAppUITests.debug.xcconfig"; sourceTree = "<group>"; };
		8D86B2D22F07FEEE815954BD /* Pods-StressSensorApp.release.xcconfig */ = {isa = PBXFileReference; includeInIndex = 1; lastKnownFileType = text.xcconfig; name = "Pods-StressSensorApp.release.xcconfig"; path = "Pods/Target Support Files/Pods-StressSensorApp/Pods-StressSensorApp.release.xcconfig"; sourceTree = "<group>"; };
		ABD0F2F7CE764617A227152F /* Pods-StressSensorAppUITests.release.xcconfig */ = {isa = PBXFileReference; includeInIndex = 1; lastKnownFileType = text.xcconfig; name = "Pods-StressSensorAppUITests.release.xcconfig"; path = "Pods/Target Support Files/Pods-StressSensorAppUITests/Pods-StressSensorAppUITests.release.xcconfig"; sourceTree = "<group>"; };
		AFC40C0AB769D91E4D8384C8 /* Pods_StressSensorApp.framework */ = {isa = PBXFileReference; explicitFileType = wrapper.framework; includeInIndex = 0; path = Pods_StressSensorApp.framework; sourceTree = BUILT_PRODUCTS_DIR; };
		F76864F5DF012AAB661446CF /* Pods-StressSensorApp.debug.xcconfig */ = {isa = PBXFileReference; includeInIndex = 1; lastKnownFileType = text.xcconfig; name = "Pods-StressSensorApp.debug.xcconfig"; path = "Pods/Target Support Files/Pods-StressSensorApp/Pods-StressSensorApp.debug.xcconfig"; sourceTree = "<group>"; };
/* End PBXFileReference section */

/* Begin PBXFrameworksBuildPhase section */
		231F4CA51FCF5F5000AE6881 /* Frameworks */ = {
			isa = PBXFrameworksBuildPhase;
			buildActionMask = 2147483647;
			files = (
				2385161C2063BC6000E78029 /* CoreMedia.framework in Frameworks */,
				2385161A2063BC4800E78029 /* AVFoundation.framework in Frameworks */,
				238516182063BC0100E78029 /* Accelerate.framework in Frameworks */,
				238516162063BBD800E78029 /* EmpaLink-ios-0.7-full.framework in Frameworks */,
				23A18BD92032EBF8002D514A /* opencv2.framework in Frameworks */,
				A18196A1364C488B603FA837 /* Pods_StressSensorApp.framework in Frameworks */,
			);
			runOnlyForDeploymentPostprocessing = 0;
		};
		231F4CB91FCF5F5000AE6881 /* Frameworks */ = {
			isa = PBXFrameworksBuildPhase;
			buildActionMask = 2147483647;
			files = (
				2CAF1C65E49B678C1559AD9D /* Pods_StressSensorAppTests.framework in Frameworks */,
			);
			runOnlyForDeploymentPostprocessing = 0;
		};
		231F4CC41FCF5F5000AE6881 /* Frameworks */ = {
			isa = PBXFrameworksBuildPhase;
			buildActionMask = 2147483647;
			files = (
				F5D425451D6D065788E1BC57 /* Pods_StressSensorAppUITests.framework in Frameworks */,
			);
			runOnlyForDeploymentPostprocessing = 0;
		};
/* End PBXFrameworksBuildPhase section */

/* Begin PBXGroup section */
		2314D0362091F25E00A35C10 /* Credentials */ = {
			isa = PBXGroup;
			children = (
				238516142063AEE000E78029 /* GoogleService-Info.plist */,
				2314D0372091F2A100A35C10 /* Secret.swift */,
			);
			path = Credentials;
			sourceTree = "<group>";
		};
		2314D03A20921C7600A35C10 /* Questionnaires */ = {
			isa = PBXGroup;
			children = (
				2314D03B20921C8B00A35C10 /* custom_test.json */,
			);
			path = Questionnaires;
			sourceTree = "<group>";
		};
		231F4C9F1FCF5F5000AE6881 = {
			isa = PBXGroup;
			children = (
				231F4CAA1FCF5F5000AE6881 /* StressSensorApp */,
				231F4CBF1FCF5F5000AE6881 /* StressSensorAppTests */,
				231F4CCA1FCF5F5000AE6881 /* StressSensorAppUITests */,
				23A18BCF2032E68B002D514A /* OpenCV */,
				231F4CA91FCF5F5000AE6881 /* Products */,
				231F4CD91FCF5FB100AE6881 /* Frameworks */,
				8629322BBD37034D93353E03 /* Pods */,
			);
			sourceTree = "<group>";
		};
		231F4CA91FCF5F5000AE6881 /* Products */ = {
			isa = PBXGroup;
			children = (
				231F4CA81FCF5F5000AE6881 /* StressSensorApp.app */,
				231F4CBC1FCF5F5000AE6881 /* StressSensorAppTests.xctest */,
				231F4CC71FCF5F5000AE6881 /* StressSensorAppUITests.xctest */,
			);
			name = Products;
			sourceTree = "<group>";
		};
		231F4CAA1FCF5F5000AE6881 /* StressSensorApp */ = {
			isa = PBXGroup;
			children = (
				23A3105B2224A0B0004BC31A /* Redux */,
				2314D0362091F25E00A35C10 /* Credentials */,
				231F4CDF1FCF6AB700AE6881 /* Constants.swift */,
				231F4CAB1FCF5F5000AE6881 /* AppDelegate.swift */,
				231F4CAF1FCF5F5000AE6881 /* Main.storyboard */,
				23B5DAA8202D1E5100D22352 /* ViewControllers */,
				23B5DAA6202D1E1500D22352 /* Views */,
				23681E232039FA0B00F39507 /* Model */,
				23B5DAA5202D1CBE00D22352 /* Signals */,
				23B5DAA7202D1E3B00D22352 /* Sensor */,
				23B5DAAA202D1EC100D22352 /* Misc */,
			);
			path = StressSensorApp;
			sourceTree = "<group>";
		};
		231F4CBF1FCF5F5000AE6881 /* StressSensorAppTests */ = {
			isa = PBXGroup;
			children = (
				231F4CC01FCF5F5000AE6881 /* StressSensorAppTests.swift */,
				231F4CC21FCF5F5000AE6881 /* Info.plist */,
			);
			path = StressSensorAppTests;
			sourceTree = "<group>";
		};
		231F4CCA1FCF5F5000AE6881 /* StressSensorAppUITests */ = {
			isa = PBXGroup;
			children = (
				231F4CCB1FCF5F5000AE6881 /* StressSensorAppUITests.swift */,
				231F4CCD1FCF5F5000AE6881 /* Info.plist */,
			);
			path = StressSensorAppUITests;
			sourceTree = "<group>";
		};
		231F4CD91FCF5FB100AE6881 /* Frameworks */ = {
			isa = PBXGroup;
			children = (
				2385161B2063BC6000E78029 /* CoreMedia.framework */,
				238516192063BC4800E78029 /* AVFoundation.framework */,
				238516172063BC0100E78029 /* Accelerate.framework */,
				23A18BD82032EBF8002D514A /* opencv2.framework */,
				23A18BD62032EBF1002D514A /* EmpaLink-ios-0.7-full.framework */,
				AFC40C0AB769D91E4D8384C8 /* Pods_StressSensorApp.framework */,
				4B2F51A812389D8ACCA683FA /* Pods_StressSensorAppTests.framework */,
				48B4317824853F34C1AB9B08 /* Pods_StressSensorAppUITests.framework */,
			);
			name = Frameworks;
			sourceTree = "<group>";
		};
		23681E232039FA0B00F39507 /* Model */ = {
			isa = PBXGroup;
			children = (
				2314D03A20921C7600A35C10 /* Questionnaires */,
				23ADED492035DCDA00E2A7F3 /* StressModel.swift */,
				23CFB2B7208DEB86000B93F2 /* EnergyModel.swift */,
				2398C370220DF2350000800D /* QuadrantModel.swift */,
				23A96D7020C6994100D32A02 /* Coach.swift */,
				23AE2BAC22202AEE00A0A29E /* AutoLogger.swift */,
				23681E242039FBF400F39507 /* ModelLogger.swift */,
				23F3BC2F20864EBF004B4EC4 /* Questionnaire.swift */,
				23CFB2B5208DD948000B93F2 /* QuestionnaireManager.swift */,
				23CFB2B9208DEBBF000B93F2 /* ModelSample.swift */,
			);
			path = Model;
			sourceTree = "<group>";
		};
		23A18BCF2032E68B002D514A /* OpenCV */ = {
			isa = PBXGroup;
			children = (
				23A18BD02032E716002D514A /* SVM.h */,
				23A18BD12032E717002D514A /* SVM.mm */,
				23A18BD32032E756002D514A /* SwiftyOpenCV.h */,
			);
			path = OpenCV;
			sourceTree = "<group>";
		};
		23A3105B2224A0B0004BC31A /* Redux */ = {
			isa = PBXGroup;
			children = (
				23A3105C2224A0D5004BC31A /* Store.swift */,
			);
			path = Redux;
			sourceTree = "<group>";
		};
		23B5DAA5202D1CBE00D22352 /* Signals */ = {
			isa = PBXGroup;
			children = (
				23B5DA9F202CFD9200D22352 /* SignalAcquisition.swift */,
				23B5DAA1202CFDBB00D22352 /* Signal.swift */,
				23ADED4D20362BE500E2A7F3 /* SignalsSnapshot.swift */,
				23681E26203B935D00F39507 /* Circular.swift */,
			);
			path = Signals;
			sourceTree = "<group>";
		};
		23B5DAA6202D1E1500D22352 /* Views */ = {
			isa = PBXGroup;
			children = (
				23B5DA9D202CC92100D22352 /* LiveChart.swift */,
				2309F0B620501CDD00EE651B /* StressChart.swift */,
				2398C36C220D8BA70000800D /* QuadrantView.swift */,
				23A31059222495E8004BC31A /* DebugMenu.swift */,
				23A31062222AA5B9004BC31A /* TableBackground.swift */,
				23A31068222BDDB8004BC31A /* MonitorCell.xib */,
				23A3106C222BEC1E004BC31A /* MonitorCell.swift */,
			);
			path = Views;
			sourceTree = "<group>";
		};
		23B5DAA7202D1E3B00D22352 /* Sensor */ = {
			isa = PBXGroup;
			children = (
				23B5DAA3202CFFA000D22352 /* DeviceManager.swift */,
				23ADED472033BDD600E2A7F3 /* RevEmpaLink.swift */,
			);
			path = Sensor;
			sourceTree = "<group>";
		};
		23B5DAA8202D1E5100D22352 /* ViewControllers */ = {
			isa = PBXGroup;
			children = (
				231F4CAD1FCF5F5000AE6881 /* DayViewController.swift */,
				23A31060222A941F004BC31A /* MonitorViewController.swift */,
				23681E1F2037306900F39507 /* StressViewController.swift */,
				23ADED4B20360FE600E2A7F3 /* TrainViewController.swift */,
				23E18B04202DE2EF0034134E /* SettingsViewController.swift */,
				2309F0B3204D6FF000EE651B /* AddSampleViewController.swift */,
				2398C36E220DEE5B0000800D /* QuadrantViewController.swift */,
				23A31066222B3F17004BC31A /* FeedbackViewController.swift */,
			);
			path = ViewControllers;
			sourceTree = "<group>";
		};
		23B5DAAA202D1EC100D22352 /* Misc */ = {
			isa = PBXGroup;
			children = (
				2385161D2063EBEF00E78029 /* StressSensorApp.entitlements */,
				23A31064222B20AE004BC31A /* .gitignore */,
				23681E29203C464D00F39507 /* .travis.yml */,
				231F4CB21FCF5F5000AE6881 /* Assets.xcassets */,
				231F4CB41FCF5F5000AE6881 /* LaunchScreen.storyboard */,
				231F4CB71FCF5F5000AE6881 /* Info.plist */,
				231F4CDD1FCF60B100AE6881 /* BridgingHeader.h */,
				23681E21203787BD00F39507 /* Utilities.swift */,
			);
			name = Misc;
			sourceTree = "<group>";
		};
		8629322BBD37034D93353E03 /* Pods */ = {
			isa = PBXGroup;
			children = (
				F76864F5DF012AAB661446CF /* Pods-StressSensorApp.debug.xcconfig */,
				8D86B2D22F07FEEE815954BD /* Pods-StressSensorApp.release.xcconfig */,
				2A7763ED742E1C3A45225966 /* Pods-StressSensorAppTests.debug.xcconfig */,
				453958BCE57370B5111A9589 /* Pods-StressSensorAppTests.release.xcconfig */,
				85CC4DCFAA537BEA0488C0B2 /* Pods-StressSensorAppUITests.debug.xcconfig */,
				ABD0F2F7CE764617A227152F /* Pods-StressSensorAppUITests.release.xcconfig */,
			);
			name = Pods;
			sourceTree = "<group>";
		};
/* End PBXGroup section */

/* Begin PBXNativeTarget section */
		231F4CA71FCF5F5000AE6881 /* StressSensorApp */ = {
			isa = PBXNativeTarget;
			buildConfigurationList = 231F4CD01FCF5F5000AE6881 /* Build configuration list for PBXNativeTarget "StressSensorApp" */;
			buildPhases = (
				93D245061C93C2A8C09F8E4C /* [CP] Check Pods Manifest.lock */,
				231F4CA41FCF5F5000AE6881 /* Sources */,
				231F4CA51FCF5F5000AE6881 /* Frameworks */,
				231F4CA61FCF5F5000AE6881 /* Resources */,
				A8D230F50953CC61C9F00A9E /* [CP] Embed Pods Frameworks */,
			);
			buildRules = (
			);
			dependencies = (
			);
			name = StressSensorApp;
			productName = StressSensorApp;
			productReference = 231F4CA81FCF5F5000AE6881 /* StressSensorApp.app */;
			productType = "com.apple.product-type.application";
		};
		231F4CBB1FCF5F5000AE6881 /* StressSensorAppTests */ = {
			isa = PBXNativeTarget;
			buildConfigurationList = 231F4CD31FCF5F5000AE6881 /* Build configuration list for PBXNativeTarget "StressSensorAppTests" */;
			buildPhases = (
				E173AD09C988E30A4DB1999B /* [CP] Check Pods Manifest.lock */,
				231F4CB81FCF5F5000AE6881 /* Sources */,
				231F4CB91FCF5F5000AE6881 /* Frameworks */,
				231F4CBA1FCF5F5000AE6881 /* Resources */,
			);
			buildRules = (
			);
			dependencies = (
				231F4CBE1FCF5F5000AE6881 /* PBXTargetDependency */,
			);
			name = StressSensorAppTests;
			productName = StressSensorAppTests;
			productReference = 231F4CBC1FCF5F5000AE6881 /* StressSensorAppTests.xctest */;
			productType = "com.apple.product-type.bundle.unit-test";
		};
		231F4CC61FCF5F5000AE6881 /* StressSensorAppUITests */ = {
			isa = PBXNativeTarget;
			buildConfigurationList = 231F4CD61FCF5F5000AE6881 /* Build configuration list for PBXNativeTarget "StressSensorAppUITests" */;
			buildPhases = (
				6F24850968B24A6F91814FB1 /* [CP] Check Pods Manifest.lock */,
				231F4CC31FCF5F5000AE6881 /* Sources */,
				231F4CC41FCF5F5000AE6881 /* Frameworks */,
				231F4CC51FCF5F5000AE6881 /* Resources */,
			);
			buildRules = (
			);
			dependencies = (
				231F4CC91FCF5F5000AE6881 /* PBXTargetDependency */,
			);
			name = StressSensorAppUITests;
			productName = StressSensorAppUITests;
			productReference = 231F4CC71FCF5F5000AE6881 /* StressSensorAppUITests.xctest */;
			productType = "com.apple.product-type.bundle.ui-testing";
		};
/* End PBXNativeTarget section */

/* Begin PBXProject section */
		231F4CA01FCF5F5000AE6881 /* Project object */ = {
			isa = PBXProject;
			attributes = {
				LastSwiftUpdateCheck = 0910;
				LastUpgradeCheck = 0930;
				ORGANIZATIONNAME = "AssistiveTech KTH";
				TargetAttributes = {
					231F4CA71FCF5F5000AE6881 = {
						CreatedOnToolsVersion = 9.1;
						ProvisioningStyle = Automatic;
						SystemCapabilities = {
							com.apple.BackgroundModes = {
								enabled = 1;
							};
							com.apple.Push = {
								enabled = 1;
							};
						};
					};
					231F4CBB1FCF5F5000AE6881 = {
						CreatedOnToolsVersion = 9.1;
						ProvisioningStyle = Automatic;
						TestTargetID = 231F4CA71FCF5F5000AE6881;
					};
					231F4CC61FCF5F5000AE6881 = {
						CreatedOnToolsVersion = 9.1;
						ProvisioningStyle = Automatic;
						TestTargetID = 231F4CA71FCF5F5000AE6881;
					};
				};
			};
			buildConfigurationList = 231F4CA31FCF5F5000AE6881 /* Build configuration list for PBXProject "StressSensorApp" */;
			compatibilityVersion = "Xcode 8.0";
			developmentRegion = en;
			hasScannedForEncodings = 0;
			knownRegions = (
				en,
				Base,
			);
			mainGroup = 231F4C9F1FCF5F5000AE6881;
			productRefGroup = 231F4CA91FCF5F5000AE6881 /* Products */;
			projectDirPath = "";
			projectRoot = "";
			targets = (
				231F4CA71FCF5F5000AE6881 /* StressSensorApp */,
				231F4CBB1FCF5F5000AE6881 /* StressSensorAppTests */,
				231F4CC61FCF5F5000AE6881 /* StressSensorAppUITests */,
			);
		};
/* End PBXProject section */

/* Begin PBXResourcesBuildPhase section */
		231F4CA61FCF5F5000AE6881 /* Resources */ = {
			isa = PBXResourcesBuildPhase;
			buildActionMask = 2147483647;
			files = (
				2314D03C20921C8B00A35C10 /* custom_test.json in Resources */,
				23A31069222BDDB8004BC31A /* MonitorCell.xib in Resources */,
				231F4CB61FCF5F5000AE6881 /* LaunchScreen.storyboard in Resources */,
				2314D0392091F63800A35C10 /* GoogleService-Info.plist in Resources */,
				231F4CB31FCF5F5000AE6881 /* Assets.xcassets in Resources */,
				231F4CB11FCF5F5000AE6881 /* Main.storyboard in Resources */,
			);
			runOnlyForDeploymentPostprocessing = 0;
		};
		231F4CBA1FCF5F5000AE6881 /* Resources */ = {
			isa = PBXResourcesBuildPhase;
			buildActionMask = 2147483647;
			files = (
			);
			runOnlyForDeploymentPostprocessing = 0;
		};
		231F4CC51FCF5F5000AE6881 /* Resources */ = {
			isa = PBXResourcesBuildPhase;
			buildActionMask = 2147483647;
			files = (
			);
			runOnlyForDeploymentPostprocessing = 0;
		};
/* End PBXResourcesBuildPhase section */

/* Begin PBXShellScriptBuildPhase section */
		6F24850968B24A6F91814FB1 /* [CP] Check Pods Manifest.lock */ = {
			isa = PBXShellScriptBuildPhase;
			buildActionMask = 2147483647;
			files = (
			);
			inputPaths = (
				"${PODS_PODFILE_DIR_PATH}/Podfile.lock",
				"${PODS_ROOT}/Manifest.lock",
			);
			name = "[CP] Check Pods Manifest.lock";
			outputPaths = (
				"$(DERIVED_FILE_DIR)/Pods-StressSensorAppUITests-checkManifestLockResult.txt",
			);
			runOnlyForDeploymentPostprocessing = 0;
			shellPath = /bin/sh;
			shellScript = "diff \"${PODS_PODFILE_DIR_PATH}/Podfile.lock\" \"${PODS_ROOT}/Manifest.lock\" > /dev/null\nif [ $? != 0 ] ; then\n    # print error to STDERR\n    echo \"error: The sandbox is not in sync with the Podfile.lock. Run 'pod install' or update your CocoaPods installation.\" >&2\n    exit 1\nfi\n# This output is used by Xcode 'outputs' to avoid re-running this script phase.\necho \"SUCCESS\" > \"${SCRIPT_OUTPUT_FILE_0}\"\n";
			showEnvVarsInLog = 0;
		};
		93D245061C93C2A8C09F8E4C /* [CP] Check Pods Manifest.lock */ = {
			isa = PBXShellScriptBuildPhase;
			buildActionMask = 2147483647;
			files = (
			);
			inputPaths = (
				"${PODS_PODFILE_DIR_PATH}/Podfile.lock",
				"${PODS_ROOT}/Manifest.lock",
			);
			name = "[CP] Check Pods Manifest.lock";
			outputPaths = (
				"$(DERIVED_FILE_DIR)/Pods-StressSensorApp-checkManifestLockResult.txt",
			);
			runOnlyForDeploymentPostprocessing = 0;
			shellPath = /bin/sh;
			shellScript = "diff \"${PODS_PODFILE_DIR_PATH}/Podfile.lock\" \"${PODS_ROOT}/Manifest.lock\" > /dev/null\nif [ $? != 0 ] ; then\n    # print error to STDERR\n    echo \"error: The sandbox is not in sync with the Podfile.lock. Run 'pod install' or update your CocoaPods installation.\" >&2\n    exit 1\nfi\n# This output is used by Xcode 'outputs' to avoid re-running this script phase.\necho \"SUCCESS\" > \"${SCRIPT_OUTPUT_FILE_0}\"\n";
			showEnvVarsInLog = 0;
		};
		A8D230F50953CC61C9F00A9E /* [CP] Embed Pods Frameworks */ = {
			isa = PBXShellScriptBuildPhase;
			buildActionMask = 2147483647;
			files = (
			);
			inputPaths = (
				"${SRCROOT}/Pods/Target Support Files/Pods-StressSensorApp/Pods-StressSensorApp-frameworks.sh",
				"${BUILT_PRODUCTS_DIR}/Charts/Charts.framework",
				"${BUILT_PRODUCTS_DIR}/Eureka/Eureka.framework",
				"${BUILT_PRODUCTS_DIR}/GTMSessionFetcher/GTMSessionFetcher.framework",
				"${BUILT_PRODUCTS_DIR}/GoogleToolboxForMac/GoogleToolboxForMac.framework",
				"${BUILT_PRODUCTS_DIR}/PromiseKit/PromiseKit.framework",
				"${BUILT_PRODUCTS_DIR}/ReSwift/ReSwift.framework",
				"${BUILT_PRODUCTS_DIR}/ResearchKit/ResearchKit.framework",
				"${BUILT_PRODUCTS_DIR}/leveldb-library/leveldb.framework",
				"${BUILT_PRODUCTS_DIR}/nanopb/nanopb.framework",
			);
			name = "[CP] Embed Pods Frameworks";
			outputPaths = (
				"${TARGET_BUILD_DIR}/${FRAMEWORKS_FOLDER_PATH}/Charts.framework",
				"${TARGET_BUILD_DIR}/${FRAMEWORKS_FOLDER_PATH}/Eureka.framework",
				"${TARGET_BUILD_DIR}/${FRAMEWORKS_FOLDER_PATH}/GTMSessionFetcher.framework",
				"${TARGET_BUILD_DIR}/${FRAMEWORKS_FOLDER_PATH}/GoogleToolboxForMac.framework",
				"${TARGET_BUILD_DIR}/${FRAMEWORKS_FOLDER_PATH}/PromiseKit.framework",
				"${TARGET_BUILD_DIR}/${FRAMEWORKS_FOLDER_PATH}/ReSwift.framework",
				"${TARGET_BUILD_DIR}/${FRAMEWORKS_FOLDER_PATH}/ResearchKit.framework",
				"${TARGET_BUILD_DIR}/${FRAMEWORKS_FOLDER_PATH}/leveldb.framework",
				"${TARGET_BUILD_DIR}/${FRAMEWORKS_FOLDER_PATH}/nanopb.framework",
			);
			runOnlyForDeploymentPostprocessing = 0;
			shellPath = /bin/sh;
			shellScript = "\"${SRCROOT}/Pods/Target Support Files/Pods-StressSensorApp/Pods-StressSensorApp-frameworks.sh\"\n";
			showEnvVarsInLog = 0;
		};
		E173AD09C988E30A4DB1999B /* [CP] Check Pods Manifest.lock */ = {
			isa = PBXShellScriptBuildPhase;
			buildActionMask = 2147483647;
			files = (
			);
			inputPaths = (
				"${PODS_PODFILE_DIR_PATH}/Podfile.lock",
				"${PODS_ROOT}/Manifest.lock",
			);
			name = "[CP] Check Pods Manifest.lock";
			outputPaths = (
				"$(DERIVED_FILE_DIR)/Pods-StressSensorAppTests-checkManifestLockResult.txt",
			);
			runOnlyForDeploymentPostprocessing = 0;
			shellPath = /bin/sh;
			shellScript = "diff \"${PODS_PODFILE_DIR_PATH}/Podfile.lock\" \"${PODS_ROOT}/Manifest.lock\" > /dev/null\nif [ $? != 0 ] ; then\n    # print error to STDERR\n    echo \"error: The sandbox is not in sync with the Podfile.lock. Run 'pod install' or update your CocoaPods installation.\" >&2\n    exit 1\nfi\n# This output is used by Xcode 'outputs' to avoid re-running this script phase.\necho \"SUCCESS\" > \"${SCRIPT_OUTPUT_FILE_0}\"\n";
			showEnvVarsInLog = 0;
		};
/* End PBXShellScriptBuildPhase section */

/* Begin PBXSourcesBuildPhase section */
		231F4CA41FCF5F5000AE6881 /* Sources */ = {
			isa = PBXSourcesBuildPhase;
			buildActionMask = 2147483647;
			files = (
				23CFB2BB208DF292000B93F2 /* SVM.mm in Sources */,
				23AE2BAD22202AEE00A0A29E /* AutoLogger.swift in Sources */,
				23681E252039FBF400F39507 /* ModelLogger.swift in Sources */,
				23ADED4A2035DCDA00E2A7F3 /* StressModel.swift in Sources */,
				23CFB2B6208DD948000B93F2 /* QuestionnaireManager.swift in Sources */,
				23ADED4C20360FE600E2A7F3 /* TrainViewController.swift in Sources */,
				23ADED4E20362BE500E2A7F3 /* SignalsSnapshot.swift in Sources */,
				23F3BC3020864EBF004B4EC4 /* Questionnaire.swift in Sources */,
				23CFB2BC208DF410000B93F2 /* EnergyModel.swift in Sources */,
				23A31063222AA5B9004BC31A /* TableBackground.swift in Sources */,
				23CFB2BA208DEBBF000B93F2 /* ModelSample.swift in Sources */,
				2398C36F220DEE5B0000800D /* QuadrantViewController.swift in Sources */,
				23ADED482033BDD600E2A7F3 /* RevEmpaLink.swift in Sources */,
				23A96D7120C6994100D32A02 /* Coach.swift in Sources */,
				23A3106D222BEC1E004BC31A /* MonitorCell.swift in Sources */,
				23B5DA9E202CC92100D22352 /* LiveChart.swift in Sources */,
				23681E22203787BD00F39507 /* Utilities.swift in Sources */,
				23A3105D2224A0D5004BC31A /* Store.swift in Sources */,
				23B5DAA4202CFFA000D22352 /* DeviceManager.swift in Sources */,
				23B5DAA2202CFDBB00D22352 /* Signal.swift in Sources */,
				23A31067222B3F17004BC31A /* FeedbackViewController.swift in Sources */,
				2309F0B4204D6FF000EE651B /* AddSampleViewController.swift in Sources */,
				2398C36D220D8BA70000800D /* QuadrantView.swift in Sources */,
				23B5DAA0202CFD9200D22352 /* SignalAcquisition.swift in Sources */,
				231F4CAE1FCF5F5000AE6881 /* DayViewController.swift in Sources */,
				231F4CAC1FCF5F5000AE6881 /* AppDelegate.swift in Sources */,
				231F4CE01FCF6AB700AE6881 /* Constants.swift in Sources */,
				2314D0382091F2A100A35C10 /* Secret.swift in Sources */,
				2398C371220DF2350000800D /* QuadrantModel.swift in Sources */,
				23681E202037306900F39507 /* StressViewController.swift in Sources */,
				23A3105A222495E8004BC31A /* DebugMenu.swift in Sources */,
				23681E27203B935D00F39507 /* Circular.swift in Sources */,
				23A31061222A941F004BC31A /* MonitorViewController.swift in Sources */,
				23E18B05202DE2EF0034134E /* SettingsViewController.swift in Sources */,
				2309F0B720501CDD00EE651B /* StressChart.swift in Sources */,
			);
			runOnlyForDeploymentPostprocessing = 0;
		};
		231F4CB81FCF5F5000AE6881 /* Sources */ = {
			isa = PBXSourcesBuildPhase;
			buildActionMask = 2147483647;
			files = (
				231F4CC11FCF5F5000AE6881 /* StressSensorAppTests.swift in Sources */,
			);
			runOnlyForDeploymentPostprocessing = 0;
		};
		231F4CC31FCF5F5000AE6881 /* Sources */ = {
			isa = PBXSourcesBuildPhase;
			buildActionMask = 2147483647;
			files = (
				231F4CCC1FCF5F5000AE6881 /* StressSensorAppUITests.swift in Sources */,
			);
			runOnlyForDeploymentPostprocessing = 0;
		};
/* End PBXSourcesBuildPhase section */

/* Begin PBXTargetDependency section */
		231F4CBE1FCF5F5000AE6881 /* PBXTargetDependency */ = {
			isa = PBXTargetDependency;
			target = 231F4CA71FCF5F5000AE6881 /* StressSensorApp */;
			targetProxy = 231F4CBD1FCF5F5000AE6881 /* PBXContainerItemProxy */;
		};
		231F4CC91FCF5F5000AE6881 /* PBXTargetDependency */ = {
			isa = PBXTargetDependency;
			target = 231F4CA71FCF5F5000AE6881 /* StressSensorApp */;
			targetProxy = 231F4CC81FCF5F5000AE6881 /* PBXContainerItemProxy */;
		};
/* End PBXTargetDependency section */

/* Begin PBXVariantGroup section */
		231F4CAF1FCF5F5000AE6881 /* Main.storyboard */ = {
			isa = PBXVariantGroup;
			children = (
				231F4CB01FCF5F5000AE6881 /* Base */,
			);
			name = Main.storyboard;
			sourceTree = "<group>";
		};
		231F4CB41FCF5F5000AE6881 /* LaunchScreen.storyboard */ = {
			isa = PBXVariantGroup;
			children = (
				231F4CB51FCF5F5000AE6881 /* Base */,
			);
			name = LaunchScreen.storyboard;
			sourceTree = "<group>";
		};
/* End PBXVariantGroup section */

/* Begin XCBuildConfiguration section */
		231F4CCE1FCF5F5000AE6881 /* Debug */ = {
			isa = XCBuildConfiguration;
			buildSettings = {
				ALWAYS_SEARCH_USER_PATHS = NO;
				CLANG_ANALYZER_NONNULL = YES;
				CLANG_ANALYZER_NUMBER_OBJECT_CONVERSION = YES_AGGRESSIVE;
				CLANG_CXX_LANGUAGE_STANDARD = "gnu++14";
				CLANG_CXX_LIBRARY = "libc++";
				CLANG_ENABLE_MODULES = YES;
				CLANG_ENABLE_OBJC_ARC = YES;
				CLANG_WARN_BLOCK_CAPTURE_AUTORELEASING = YES;
				CLANG_WARN_BOOL_CONVERSION = YES;
				CLANG_WARN_COMMA = YES;
				CLANG_WARN_CONSTANT_CONVERSION = YES;
				CLANG_WARN_DEPRECATED_OBJC_IMPLEMENTATIONS = YES;
				CLANG_WARN_DIRECT_OBJC_ISA_USAGE = YES_ERROR;
				CLANG_WARN_DOCUMENTATION_COMMENTS = YES;
				CLANG_WARN_EMPTY_BODY = YES;
				CLANG_WARN_ENUM_CONVERSION = YES;
				CLANG_WARN_INFINITE_RECURSION = YES;
				CLANG_WARN_INT_CONVERSION = YES;
				CLANG_WARN_NON_LITERAL_NULL_CONVERSION = YES;
				CLANG_WARN_OBJC_IMPLICIT_RETAIN_SELF = YES;
				CLANG_WARN_OBJC_LITERAL_CONVERSION = YES;
				CLANG_WARN_OBJC_ROOT_CLASS = YES_ERROR;
				CLANG_WARN_RANGE_LOOP_ANALYSIS = YES;
				CLANG_WARN_STRICT_PROTOTYPES = YES;
				CLANG_WARN_SUSPICIOUS_MOVE = YES;
				CLANG_WARN_UNGUARDED_AVAILABILITY = YES_AGGRESSIVE;
				CLANG_WARN_UNREACHABLE_CODE = YES;
				CLANG_WARN__DUPLICATE_METHOD_MATCH = YES;
				CODE_SIGN_IDENTITY = "iPhone Developer";
				COPY_PHASE_STRIP = NO;
				DEBUG_INFORMATION_FORMAT = dwarf;
				ENABLE_STRICT_OBJC_MSGSEND = YES;
				ENABLE_TESTABILITY = YES;
				GCC_C_LANGUAGE_STANDARD = gnu11;
				GCC_DYNAMIC_NO_PIC = NO;
				GCC_NO_COMMON_BLOCKS = YES;
				GCC_OPTIMIZATION_LEVEL = 0;
				GCC_PREPROCESSOR_DEFINITIONS = (
					"DEBUG=1",
					"$(inherited)",
				);
				GCC_WARN_64_TO_32_BIT_CONVERSION = YES;
				GCC_WARN_ABOUT_RETURN_TYPE = YES_ERROR;
				GCC_WARN_UNDECLARED_SELECTOR = YES;
				GCC_WARN_UNINITIALIZED_AUTOS = YES_AGGRESSIVE;
				GCC_WARN_UNUSED_FUNCTION = YES;
				GCC_WARN_UNUSED_VARIABLE = YES;
				IPHONEOS_DEPLOYMENT_TARGET = 9.3;
				MTL_ENABLE_DEBUG_INFO = YES;
				ONLY_ACTIVE_ARCH = YES;
				SDKROOT = iphoneos;
				SWIFT_ACTIVE_COMPILATION_CONDITIONS = DEBUG;
				SWIFT_OPTIMIZATION_LEVEL = "-Onone";
			};
			name = Debug;
		};
		231F4CCF1FCF5F5000AE6881 /* Release */ = {
			isa = XCBuildConfiguration;
			buildSettings = {
				ALWAYS_SEARCH_USER_PATHS = NO;
				CLANG_ANALYZER_NONNULL = YES;
				CLANG_ANALYZER_NUMBER_OBJECT_CONVERSION = YES_AGGRESSIVE;
				CLANG_CXX_LANGUAGE_STANDARD = "gnu++14";
				CLANG_CXX_LIBRARY = "libc++";
				CLANG_ENABLE_MODULES = YES;
				CLANG_ENABLE_OBJC_ARC = YES;
				CLANG_WARN_BLOCK_CAPTURE_AUTORELEASING = YES;
				CLANG_WARN_BOOL_CONVERSION = YES;
				CLANG_WARN_COMMA = YES;
				CLANG_WARN_CONSTANT_CONVERSION = YES;
				CLANG_WARN_DEPRECATED_OBJC_IMPLEMENTATIONS = YES;
				CLANG_WARN_DIRECT_OBJC_ISA_USAGE = YES_ERROR;
				CLANG_WARN_DOCUMENTATION_COMMENTS = YES;
				CLANG_WARN_EMPTY_BODY = YES;
				CLANG_WARN_ENUM_CONVERSION = YES;
				CLANG_WARN_INFINITE_RECURSION = YES;
				CLANG_WARN_INT_CONVERSION = YES;
				CLANG_WARN_NON_LITERAL_NULL_CONVERSION = YES;
				CLANG_WARN_OBJC_IMPLICIT_RETAIN_SELF = YES;
				CLANG_WARN_OBJC_LITERAL_CONVERSION = YES;
				CLANG_WARN_OBJC_ROOT_CLASS = YES_ERROR;
				CLANG_WARN_RANGE_LOOP_ANALYSIS = YES;
				CLANG_WARN_STRICT_PROTOTYPES = YES;
				CLANG_WARN_SUSPICIOUS_MOVE = YES;
				CLANG_WARN_UNGUARDED_AVAILABILITY = YES_AGGRESSIVE;
				CLANG_WARN_UNREACHABLE_CODE = YES;
				CLANG_WARN__DUPLICATE_METHOD_MATCH = YES;
				CODE_SIGN_IDENTITY = "iPhone Developer";
				COPY_PHASE_STRIP = NO;
				DEBUG_INFORMATION_FORMAT = "dwarf-with-dsym";
				ENABLE_NS_ASSERTIONS = NO;
				ENABLE_STRICT_OBJC_MSGSEND = YES;
				GCC_C_LANGUAGE_STANDARD = gnu11;
				GCC_NO_COMMON_BLOCKS = YES;
				GCC_WARN_64_TO_32_BIT_CONVERSION = YES;
				GCC_WARN_ABOUT_RETURN_TYPE = YES_ERROR;
				GCC_WARN_UNDECLARED_SELECTOR = YES;
				GCC_WARN_UNINITIALIZED_AUTOS = YES_AGGRESSIVE;
				GCC_WARN_UNUSED_FUNCTION = YES;
				GCC_WARN_UNUSED_VARIABLE = YES;
				IPHONEOS_DEPLOYMENT_TARGET = 9.3;
				MTL_ENABLE_DEBUG_INFO = NO;
				SDKROOT = iphoneos;
				SWIFT_OPTIMIZATION_LEVEL = "-Owholemodule";
				VALIDATE_PRODUCT = YES;
			};
			name = Release;
		};
		231F4CD11FCF5F5000AE6881 /* Debug */ = {
			isa = XCBuildConfiguration;
			baseConfigurationReference = F76864F5DF012AAB661446CF /* Pods-StressSensorApp.debug.xcconfig */;
			buildSettings = {
				ASSETCATALOG_COMPILER_APPICON_NAME = AppIcon;
				CODE_SIGN_ENTITLEMENTS = StressSensorApp/StressSensorApp.entitlements;
				CODE_SIGN_STYLE = Automatic;
				DEVELOPMENT_TEAM = 57W7KG4A63;
				ENABLE_BITCODE = NO;
				FRAMEWORK_SEARCH_PATHS = (
					"$(inherited)",
					"$(PROJECT_DIR)",
					"$(PROJECT_DIR)/OpenCV",
					"$(PROJECT_DIR)/ThirdPartyLibraries",
				);
				INFOPLIST_FILE = StressSensorApp/Info.plist;
				IPHONEOS_DEPLOYMENT_TARGET = 10.0;
				LD_RUNPATH_SEARCH_PATHS = "$(inherited) @executable_path/Frameworks";
				PRODUCT_BUNDLE_IDENTIFIER = se.assistivetech.StressSensorApp;
				PRODUCT_NAME = "$(TARGET_NAME)";
				SWIFT_OBJC_BRIDGING_HEADER = StressSensorApp/BridgingHeader.h;
				SWIFT_VERSION = 4.0;
				TARGETED_DEVICE_FAMILY = 1;
			};
			name = Debug;
		};
		231F4CD21FCF5F5000AE6881 /* Release */ = {
			isa = XCBuildConfiguration;
			baseConfigurationReference = 8D86B2D22F07FEEE815954BD /* Pods-StressSensorApp.release.xcconfig */;
			buildSettings = {
				ASSETCATALOG_COMPILER_APPICON_NAME = AppIcon;
				CODE_SIGN_ENTITLEMENTS = StressSensorApp/StressSensorApp.entitlements;
				CODE_SIGN_STYLE = Automatic;
				DEVELOPMENT_TEAM = 57W7KG4A63;
				ENABLE_BITCODE = NO;
				FRAMEWORK_SEARCH_PATHS = (
					"$(inherited)",
					"$(PROJECT_DIR)",
					"$(PROJECT_DIR)/OpenCV",
					"$(PROJECT_DIR)/ThirdPartyLibraries",
				);
				GCC_OPTIMIZATION_LEVEL = s;
				INFOPLIST_FILE = StressSensorApp/Info.plist;
				IPHONEOS_DEPLOYMENT_TARGET = 10.0;
				LD_RUNPATH_SEARCH_PATHS = "$(inherited) @executable_path/Frameworks";
				PRODUCT_BUNDLE_IDENTIFIER = se.assistivetech.StressSensorApp;
				PRODUCT_NAME = "$(TARGET_NAME)";
				SWIFT_OBJC_BRIDGING_HEADER = StressSensorApp/BridgingHeader.h;
				SWIFT_OPTIMIZATION_LEVEL = "-Owholemodule";
				SWIFT_VERSION = 4.0;
				TARGETED_DEVICE_FAMILY = 1;
			};
			name = Release;
		};
		231F4CD41FCF5F5000AE6881 /* Debug */ = {
			isa = XCBuildConfiguration;
			baseConfigurationReference = 2A7763ED742E1C3A45225966 /* Pods-StressSensorAppTests.debug.xcconfig */;
			buildSettings = {
				ALWAYS_EMBED_SWIFT_STANDARD_LIBRARIES = YES;
				BUNDLE_LOADER = "$(TEST_HOST)";
				CODE_SIGN_STYLE = Automatic;
				DEVELOPMENT_TEAM = 57W7KG4A63;
				INFOPLIST_FILE = StressSensorAppTests/Info.plist;
				IPHONEOS_DEPLOYMENT_TARGET = 10.0;
				LD_RUNPATH_SEARCH_PATHS = "$(inherited) @executable_path/Frameworks @loader_path/Frameworks";
				PRODUCT_BUNDLE_IDENTIFIER = se.assistivetech.StressSensorAppTests;
				PRODUCT_NAME = "$(TARGET_NAME)";
				SWIFT_VERSION = 4.0;
				TARGETED_DEVICE_FAMILY = "1,2";
				TEST_HOST = "$(BUILT_PRODUCTS_DIR)/StressSensorApp.app/StressSensorApp";
			};
			name = Debug;
		};
		231F4CD51FCF5F5000AE6881 /* Release */ = {
			isa = XCBuildConfiguration;
			baseConfigurationReference = 453958BCE57370B5111A9589 /* Pods-StressSensorAppTests.release.xcconfig */;
			buildSettings = {
				ALWAYS_EMBED_SWIFT_STANDARD_LIBRARIES = YES;
				BUNDLE_LOADER = "$(TEST_HOST)";
				CODE_SIGN_STYLE = Automatic;
				DEVELOPMENT_TEAM = 57W7KG4A63;
				INFOPLIST_FILE = StressSensorAppTests/Info.plist;
				IPHONEOS_DEPLOYMENT_TARGET = 10.0;
				LD_RUNPATH_SEARCH_PATHS = "$(inherited) @executable_path/Frameworks @loader_path/Frameworks";
				PRODUCT_BUNDLE_IDENTIFIER = se.assistivetech.StressSensorAppTests;
				PRODUCT_NAME = "$(TARGET_NAME)";
				SWIFT_VERSION = 4.0;
				TARGETED_DEVICE_FAMILY = "1,2";
				TEST_HOST = "$(BUILT_PRODUCTS_DIR)/StressSensorApp.app/StressSensorApp";
			};
			name = Release;
		};
		231F4CD71FCF5F5000AE6881 /* Debug */ = {
			isa = XCBuildConfiguration;
			baseConfigurationReference = 85CC4DCFAA537BEA0488C0B2 /* Pods-StressSensorAppUITests.debug.xcconfig */;
			buildSettings = {
				ALWAYS_EMBED_SWIFT_STANDARD_LIBRARIES = YES;
				CODE_SIGN_STYLE = Automatic;
				DEVELOPMENT_TEAM = 57W7KG4A63;
				INFOPLIST_FILE = StressSensorAppUITests/Info.plist;
				IPHONEOS_DEPLOYMENT_TARGET = 10.0;
				LD_RUNPATH_SEARCH_PATHS = "$(inherited) @executable_path/Frameworks @loader_path/Frameworks";
				PRODUCT_BUNDLE_IDENTIFIER = se.assistivetech.StressSensorAppUITests;
				PRODUCT_NAME = "$(TARGET_NAME)";
				SWIFT_VERSION = 4.0;
				TARGETED_DEVICE_FAMILY = "1,2";
				TEST_TARGET_NAME = StressSensorApp;
			};
			name = Debug;
		};
		231F4CD81FCF5F5000AE6881 /* Release */ = {
			isa = XCBuildConfiguration;
			baseConfigurationReference = ABD0F2F7CE764617A227152F /* Pods-StressSensorAppUITests.release.xcconfig */;
			buildSettings = {
				ALWAYS_EMBED_SWIFT_STANDARD_LIBRARIES = YES;
				CODE_SIGN_STYLE = Automatic;
				DEVELOPMENT_TEAM = 57W7KG4A63;
				INFOPLIST_FILE = StressSensorAppUITests/Info.plist;
				IPHONEOS_DEPLOYMENT_TARGET = 10.0;
				LD_RUNPATH_SEARCH_PATHS = "$(inherited) @executable_path/Frameworks @loader_path/Frameworks";
				PRODUCT_BUNDLE_IDENTIFIER = se.assistivetech.StressSensorAppUITests;
				PRODUCT_NAME = "$(TARGET_NAME)";
				SWIFT_VERSION = 4.0;
				TARGETED_DEVICE_FAMILY = "1,2";
				TEST_TARGET_NAME = StressSensorApp;
			};
			name = Release;
		};
/* End XCBuildConfiguration section */

/* Begin XCConfigurationList section */
		231F4CA31FCF5F5000AE6881 /* Build configuration list for PBXProject "StressSensorApp" */ = {
			isa = XCConfigurationList;
			buildConfigurations = (
				231F4CCE1FCF5F5000AE6881 /* Debug */,
				231F4CCF1FCF5F5000AE6881 /* Release */,
			);
			defaultConfigurationIsVisible = 0;
			defaultConfigurationName = Release;
		};
		231F4CD01FCF5F5000AE6881 /* Build configuration list for PBXNativeTarget "StressSensorApp" */ = {
			isa = XCConfigurationList;
			buildConfigurations = (
				231F4CD11FCF5F5000AE6881 /* Debug */,
				231F4CD21FCF5F5000AE6881 /* Release */,
			);
			defaultConfigurationIsVisible = 0;
			defaultConfigurationName = Release;
		};
		231F4CD31FCF5F5000AE6881 /* Build configuration list for PBXNativeTarget "StressSensorAppTests" */ = {
			isa = XCConfigurationList;
			buildConfigurations = (
				231F4CD41FCF5F5000AE6881 /* Debug */,
				231F4CD51FCF5F5000AE6881 /* Release */,
			);
			defaultConfigurationIsVisible = 0;
			defaultConfigurationName = Release;
		};
		231F4CD61FCF5F5000AE6881 /* Build configuration list for PBXNativeTarget "StressSensorAppUITests" */ = {
			isa = XCConfigurationList;
			buildConfigurations = (
				231F4CD71FCF5F5000AE6881 /* Debug */,
				231F4CD81FCF5F5000AE6881 /* Release */,
			);
			defaultConfigurationIsVisible = 0;
			defaultConfigurationName = Release;
		};
/* End XCConfigurationList section */
	};
	rootObject = 231F4CA01FCF5F5000AE6881 /* Project object */;
}
